
Microsoft Visual Studio Solution File, Format Version 12.00
# Visual Studio Version 17
VisualStudioVersion = 17.2.32630.192
MinimumVisualStudioVersion = 10.0.40219.1
Project("{9A19103F-16F7-4668-BE54-9A1E7A4F7556}") = "R5T.Avaria.Construction", "R5T.Avaria.Construction\R5T.Avaria.Construction.csproj", "{94DFDD90-5D41-4062-8680-4DB6B0D5E2B8}"
EndProject
Project("{9A19103F-16F7-4668-BE54-9A1E7A4F7556}") = "R5T.Avaria", "R5T.Avaria\R5T.Avaria.csproj", "{58375FF3-5FBF-4F55-AC25-1B896E892039}"
EndProject
Project("{9A19103F-16F7-4668-BE54-9A1E7A4F7556}") = "R5T.Avaria.Testing", "R5T.Avaria.Testing\R5T.Avaria.Testing.csproj", "{1B60377E-C005-464C-87A9-27D1C5BDD781}"
EndProject
Project("{9A19103F-16F7-4668-BE54-9A1E7A4F7556}") = "R5T.Avaria.Maintenance", "R5T.Avaria.Maintenance\R5T.Avaria.Maintenance.csproj", "{13F81529-DC47-4768-8EF7-AADD0E766F45}"
EndProject
Project("{9A19103F-16F7-4668-BE54-9A1E7A4F7556}") = "R5T.NetStandard.IO.Paths.Types", "..\..\R5T.NetStandard.IO.Paths.Types\source\R5T.NetStandard.IO.Paths.Types\R5T.NetStandard.IO.Paths.Types.csproj", "{FFE45606-6946-4D26-8B20-CDA9280E0852}"
EndProject
Project("{2150E333-8FDC-42A3-9474-1A3956D46DE8}") = "_Dependencies", "_Dependencies", "{AA3C4FED-D0E1-4933-B771-B18F35EE4C1F}"
EndProject
Project("{9A19103F-16F7-4668-BE54-9A1E7A4F7556}") = "R5T.NetStandard.IO.Paths.Base", "..\..\R5T.NetStandard.IO.Paths.Base\source\R5T.NetStandard.IO.Paths.Base\R5T.NetStandard.IO.Paths.Base.csproj", "{0C10D7FB-63BB-4347-97A9-A1A347A1CD42}"
EndProject
Project("{9A19103F-16F7-4668-BE54-9A1E7A4F7556}") = "R5T.NetStandard.TypedString", "..\..\R5T.NetStandard.TypedString\source\R5T.NetStandard.TypedString\R5T.NetStandard.TypedString.csproj", "{4A96A3C5-62DC-4F17-80B7-8212E0BEA332}"
EndProject
Project("{9A19103F-16F7-4668-BE54-9A1E7A4F7556}") = "R5T.NetStandard.Types", "..\..\R5T.NetStandard.Types\source\R5T.NetStandard.Types\R5T.NetStandard.Types.csproj", "{9EFDED28-E060-4FD2-99AC-C4C03AF62ADC}"
EndProject
Project("{9A19103F-16F7-4668-BE54-9A1E7A4F7556}") = "R5T.Private.Virconium.Lib", "..\..\R5T.Private.Virconium\source\R5T.Private.Virconium.Lib\R5T.Private.Virconium.Lib.csproj", "{499318A3-B3FE-4AAA-B8FE-A122A0498C8F}"
EndProject
Project("{9A19103F-16F7-4668-BE54-9A1E7A4F7556}") = "R5T.Code.VS.ProjectFile.Types", "..\..\R5T.Code.VS.ProjectFile.Types\source\R5T.Code.VS.ProjectFile.Types\R5T.Code.VS.ProjectFile.Types.csproj", "{C7F05A1A-0739-4121-8663-310303E24161}"
EndProject
Project("{9A19103F-16F7-4668-BE54-9A1E7A4F7556}") = "R5T.NetStandard.IO.Serialization", "..\..\R5T.NetStandard.IO.Serialization\source\R5T.NetStandard.IO.Serialization\R5T.NetStandard.IO.Serialization.csproj", "{1F157D09-D136-4BCB-B55B-008C775CF1E0}"
EndProject
Project("{9A19103F-16F7-4668-BE54-9A1E7A4F7556}") = "R5T.NetStandard.IO.Types", "..\..\R5T.NetStandard.IO.Types\source\R5T.NetStandard.IO.Types\R5T.NetStandard.IO.Types.csproj", "{A92AB9E2-1B30-4121-91BB-04ECFF67421D}"
EndProject
Project("{9A19103F-16F7-4668-BE54-9A1E7A4F7556}") = "R5T.NetStandard.Xml", "..\..\R5T.NetStandard.Xml\source\R5T.NetStandard.Xml\R5T.NetStandard.Xml.csproj", "{0ADA8179-9EE1-46AB-A6E2-3B21B34F24AF}"
EndProject
Project("{9A19103F-16F7-4668-BE54-9A1E7A4F7556}") = "R5T.Code.VS.SolutionFile.Types", "..\..\R5T.Code.VS.SolutionFile.Types\source\R5T.Code.VS.SolutionFile.Types\R5T.Code.VS.SolutionFile.Types.csproj", "{75FF66DA-FDB6-4A10-9D3A-AF1D0002960B}"
EndProject
Project("{9A19103F-16F7-4668-BE54-9A1E7A4F7556}") = "R5T.Code.VS.IO.Types", "..\..\R5T.Code.VS.IO.Types\source\R5T.Code.VS.IO.Types\R5T.Code.VS.IO.Types.csproj", "{0B128563-74D1-42FC-8BFC-E12A37F203A1}"
EndProject
Project("{9A19103F-16F7-4668-BE54-9A1E7A4F7556}") = "R5T.Code.VS.Types.Core", "..\..\R5T.Code.VS.Types.Core\source\R5T.Code.VS.Types.Core\R5T.Code.VS.Types.Core.csproj", "{BCBA3402-51B6-4434-93ED-5633F05F64A5}"
EndProject
Project("{9A19103F-16F7-4668-BE54-9A1E7A4F7556}") = "R5T.Magyar", "..\..\R5T.Magyar\source\R5T.Magyar\R5T.Magyar.csproj", "{C6772616-EEA0-4B57-BF70-8639590B12B9}"
EndProject
Project("{9A19103F-16F7-4668-BE54-9A1E7A4F7556}") = "R5T.Cherusci", "..\..\R5T.Cherusci\source\R5T.Cherusci\R5T.Cherusci.csproj", "{14D03A85-3B4E-46E0-B904-F54B834A3B5D}"
EndProject
Global
	GlobalSection(NestedProjects) = preSolution
		{FFE45606-6946-4D26-8B20-CDA9280E0852} = {AA3C4FED-D0E1-4933-B771-B18F35EE4C1F}
		{0C10D7FB-63BB-4347-97A9-A1A347A1CD42} = {AA3C4FED-D0E1-4933-B771-B18F35EE4C1F}
		{4A96A3C5-62DC-4F17-80B7-8212E0BEA332} = {AA3C4FED-D0E1-4933-B771-B18F35EE4C1F}
		{9EFDED28-E060-4FD2-99AC-C4C03AF62ADC} = {AA3C4FED-D0E1-4933-B771-B18F35EE4C1F}
		{499318A3-B3FE-4AAA-B8FE-A122A0498C8F} = {AA3C4FED-D0E1-4933-B771-B18F35EE4C1F}
		{C7F05A1A-0739-4121-8663-310303E24161} = {AA3C4FED-D0E1-4933-B771-B18F35EE4C1F}
		{1F157D09-D136-4BCB-B55B-008C775CF1E0} = {AA3C4FED-D0E1-4933-B771-B18F35EE4C1F}
		{A92AB9E2-1B30-4121-91BB-04ECFF67421D} = {AA3C4FED-D0E1-4933-B771-B18F35EE4C1F}
		{0ADA8179-9EE1-46AB-A6E2-3B21B34F24AF} = {AA3C4FED-D0E1-4933-B771-B18F35EE4C1F}
		{75FF66DA-FDB6-4A10-9D3A-AF1D0002960B} = {AA3C4FED-D0E1-4933-B771-B18F35EE4C1F}
		{0B128563-74D1-42FC-8BFC-E12A37F203A1} = {AA3C4FED-D0E1-4933-B771-B18F35EE4C1F}
		{BCBA3402-51B6-4434-93ED-5633F05F64A5} = {AA3C4FED-D0E1-4933-B771-B18F35EE4C1F}
		{C6772616-EEA0-4B57-BF70-8639590B12B9} = {AA3C4FED-D0E1-4933-B771-B18F35EE4C1F}
		{14D03A85-3B4E-46E0-B904-F54B834A3B5D} = {AA3C4FED-D0E1-4933-B771-B18F35EE4C1F}
	EndGlobalSection
	GlobalSection(SolutionConfigurationPlatforms) = preSolution
		Debug|Any CPU = Debug|Any CPU
		Debug|x64 = Debug|x64
		Debug|x86 = Debug|x86
		Release|Any CPU = Release|Any CPU
		Release|x64 = Release|x64
		Release|x86 = Release|x86
	EndGlobalSection
	GlobalSection(ProjectConfigurationPlatforms) = postSolution
		{94DFDD90-5D41-4062-8680-4DB6B0D5E2B8}.Debug|Any CPU.ActiveCfg = Debug|Any CPU
		{94DFDD90-5D41-4062-8680-4DB6B0D5E2B8}.Debug|Any CPU.Build.0 = Debug|Any CPU
		{94DFDD90-5D41-4062-8680-4DB6B0D5E2B8}.Debug|x64.ActiveCfg = Debug|Any CPU
		{94DFDD90-5D41-4062-8680-4DB6B0D5E2B8}.Debug|x64.Build.0 = Debug|Any CPU
		{94DFDD90-5D41-4062-8680-4DB6B0D5E2B8}.Debug|x86.ActiveCfg = Debug|Any CPU
		{94DFDD90-5D41-4062-8680-4DB6B0D5E2B8}.Debug|x86.Build.0 = Debug|Any CPU
		{94DFDD90-5D41-4062-8680-4DB6B0D5E2B8}.Release|Any CPU.ActiveCfg = Release|Any CPU
		{94DFDD90-5D41-4062-8680-4DB6B0D5E2B8}.Release|Any CPU.Build.0 = Release|Any CPU
		{94DFDD90-5D41-4062-8680-4DB6B0D5E2B8}.Release|x64.ActiveCfg = Release|Any CPU
		{94DFDD90-5D41-4062-8680-4DB6B0D5E2B8}.Release|x64.Build.0 = Release|Any CPU
		{94DFDD90-5D41-4062-8680-4DB6B0D5E2B8}.Release|x86.ActiveCfg = Release|Any CPU
		{94DFDD90-5D41-4062-8680-4DB6B0D5E2B8}.Release|x86.Build.0 = Release|Any CPU
		{58375FF3-5FBF-4F55-AC25-1B896E892039}.Debug|Any CPU.ActiveCfg = Debug|Any CPU
		{58375FF3-5FBF-4F55-AC25-1B896E892039}.Debug|Any CPU.Build.0 = Debug|Any CPU
		{58375FF3-5FBF-4F55-AC25-1B896E892039}.Debug|x64.ActiveCfg = Debug|Any CPU
		{58375FF3-5FBF-4F55-AC25-1B896E892039}.Debug|x64.Build.0 = Debug|Any CPU
		{58375FF3-5FBF-4F55-AC25-1B896E892039}.Debug|x86.ActiveCfg = Debug|Any CPU
		{58375FF3-5FBF-4F55-AC25-1B896E892039}.Debug|x86.Build.0 = Debug|Any CPU
		{58375FF3-5FBF-4F55-AC25-1B896E892039}.Release|Any CPU.ActiveCfg = Release|Any CPU
		{58375FF3-5FBF-4F55-AC25-1B896E892039}.Release|Any CPU.Build.0 = Release|Any CPU
		{58375FF3-5FBF-4F55-AC25-1B896E892039}.Release|x64.ActiveCfg = Release|Any CPU
		{58375FF3-5FBF-4F55-AC25-1B896E892039}.Release|x64.Build.0 = Release|Any CPU
		{58375FF3-5FBF-4F55-AC25-1B896E892039}.Release|x86.ActiveCfg = Release|Any CPU
		{58375FF3-5FBF-4F55-AC25-1B896E892039}.Release|x86.Build.0 = Release|Any CPU
		{1B60377E-C005-464C-87A9-27D1C5BDD781}.Debug|Any CPU.ActiveCfg = Debug|Any CPU
		{1B60377E-C005-464C-87A9-27D1C5BDD781}.Debug|Any CPU.Build.0 = Debug|Any CPU
		{1B60377E-C005-464C-87A9-27D1C5BDD781}.Debug|x64.ActiveCfg = Debug|Any CPU
		{1B60377E-C005-464C-87A9-27D1C5BDD781}.Debug|x64.Build.0 = Debug|Any CPU
		{1B60377E-C005-464C-87A9-27D1C5BDD781}.Debug|x86.ActiveCfg = Debug|Any CPU
		{1B60377E-C005-464C-87A9-27D1C5BDD781}.Debug|x86.Build.0 = Debug|Any CPU
		{1B60377E-C005-464C-87A9-27D1C5BDD781}.Release|Any CPU.ActiveCfg = Release|Any CPU
		{1B60377E-C005-464C-87A9-27D1C5BDD781}.Release|Any CPU.Build.0 = Release|Any CPU
		{1B60377E-C005-464C-87A9-27D1C5BDD781}.Release|x64.ActiveCfg = Release|Any CPU
		{1B60377E-C005-464C-87A9-27D1C5BDD781}.Release|x64.Build.0 = Release|Any CPU
		{1B60377E-C005-464C-87A9-27D1C5BDD781}.Release|x86.ActiveCfg = Release|Any CPU
		{1B60377E-C005-464C-87A9-27D1C5BDD781}.Release|x86.Build.0 = Release|Any CPU
		{13F81529-DC47-4768-8EF7-AADD0E766F45}.Debug|Any CPU.ActiveCfg = Debug|Any CPU
		{13F81529-DC47-4768-8EF7-AADD0E766F45}.Debug|Any CPU.Build.0 = Debug|Any CPU
		{13F81529-DC47-4768-8EF7-AADD0E766F45}.Debug|x64.ActiveCfg = Debug|Any CPU
		{13F81529-DC47-4768-8EF7-AADD0E766F45}.Debug|x64.Build.0 = Debug|Any CPU
		{13F81529-DC47-4768-8EF7-AADD0E766F45}.Debug|x86.ActiveCfg = Debug|Any CPU
		{13F81529-DC47-4768-8EF7-AADD0E766F45}.Debug|x86.Build.0 = Debug|Any CPU
		{13F81529-DC47-4768-8EF7-AADD0E766F45}.Release|Any CPU.ActiveCfg = Release|Any CPU
		{13F81529-DC47-4768-8EF7-AADD0E766F45}.Release|Any CPU.Build.0 = Release|Any CPU
		{13F81529-DC47-4768-8EF7-AADD0E766F45}.Release|x64.ActiveCfg = Release|Any CPU
		{13F81529-DC47-4768-8EF7-AADD0E766F45}.Release|x64.Build.0 = Release|Any CPU
		{13F81529-DC47-4768-8EF7-AADD0E766F45}.Release|x86.ActiveCfg = Release|Any CPU
		{13F81529-DC47-4768-8EF7-AADD0E766F45}.Release|x86.Build.0 = Release|Any CPU
		{FFE45606-6946-4D26-8B20-CDA9280E0852}.Debug|Any CPU.ActiveCfg = Debug|Any CPU
		{FFE45606-6946-4D26-8B20-CDA9280E0852}.Debug|Any CPU.Build.0 = Debug|Any CPU
		{FFE45606-6946-4D26-8B20-CDA9280E0852}.Debug|x64.ActiveCfg = Debug|Any CPU
		{FFE45606-6946-4D26-8B20-CDA9280E0852}.Debug|x64.Build.0 = Debug|Any CPU
		{FFE45606-6946-4D26-8B20-CDA9280E0852}.Debug|x86.ActiveCfg = Debug|Any CPU
		{FFE45606-6946-4D26-8B20-CDA9280E0852}.Debug|x86.Build.0 = Debug|Any CPU
		{FFE45606-6946-4D26-8B20-CDA9280E0852}.Release|Any CPU.ActiveCfg = Release|Any CPU
		{FFE45606-6946-4D26-8B20-CDA9280E0852}.Release|Any CPU.Build.0 = Release|Any CPU
		{FFE45606-6946-4D26-8B20-CDA9280E0852}.Release|x64.ActiveCfg = Release|Any CPU
		{FFE45606-6946-4D26-8B20-CDA9280E0852}.Release|x64.Build.0 = Release|Any CPU
		{FFE45606-6946-4D26-8B20-CDA9280E0852}.Release|x86.ActiveCfg = Release|Any CPU
		{FFE45606-6946-4D26-8B20-CDA9280E0852}.Release|x86.Build.0 = Release|Any CPU
		{0C10D7FB-63BB-4347-97A9-A1A347A1CD42}.Debug|Any CPU.ActiveCfg = Debug|Any CPU
		{0C10D7FB-63BB-4347-97A9-A1A347A1CD42}.Debug|Any CPU.Build.0 = Debug|Any CPU
		{0C10D7FB-63BB-4347-97A9-A1A347A1CD42}.Debug|x64.ActiveCfg = Debug|Any CPU
		{0C10D7FB-63BB-4347-97A9-A1A347A1CD42}.Debug|x64.Build.0 = Debug|Any CPU
		{0C10D7FB-63BB-4347-97A9-A1A347A1CD42}.Debug|x86.ActiveCfg = Debug|Any CPU
		{0C10D7FB-63BB-4347-97A9-A1A347A1CD42}.Debug|x86.Build.0 = Debug|Any CPU
		{0C10D7FB-63BB-4347-97A9-A1A347A1CD42}.Release|Any CPU.ActiveCfg = Release|Any CPU
		{0C10D7FB-63BB-4347-97A9-A1A347A1CD42}.Release|Any CPU.Build.0 = Release|Any CPU
		{0C10D7FB-63BB-4347-97A9-A1A347A1CD42}.Release|x64.ActiveCfg = Release|Any CPU
		{0C10D7FB-63BB-4347-97A9-A1A347A1CD42}.Release|x64.Build.0 = Release|Any CPU
		{0C10D7FB-63BB-4347-97A9-A1A347A1CD42}.Release|x86.ActiveCfg = Release|Any CPU
		{0C10D7FB-63BB-4347-97A9-A1A347A1CD42}.Release|x86.Build.0 = Release|Any CPU
		{4A96A3C5-62DC-4F17-80B7-8212E0BEA332}.Debug|Any CPU.ActiveCfg = Debug|Any CPU
		{4A96A3C5-62DC-4F17-80B7-8212E0BEA332}.Debug|Any CPU.Build.0 = Debug|Any CPU
		{4A96A3C5-62DC-4F17-80B7-8212E0BEA332}.Debug|x64.ActiveCfg = Debug|Any CPU
		{4A96A3C5-62DC-4F17-80B7-8212E0BEA332}.Debug|x64.Build.0 = Debug|Any CPU
		{4A96A3C5-62DC-4F17-80B7-8212E0BEA332}.Debug|x86.ActiveCfg = Debug|Any CPU
		{4A96A3C5-62DC-4F17-80B7-8212E0BEA332}.Debug|x86.Build.0 = Debug|Any CPU
		{4A96A3C5-62DC-4F17-80B7-8212E0BEA332}.Release|Any CPU.ActiveCfg = Release|Any CPU
		{4A96A3C5-62DC-4F17-80B7-8212E0BEA332}.Release|Any CPU.Build.0 = Release|Any CPU
		{4A96A3C5-62DC-4F17-80B7-8212E0BEA332}.Release|x64.ActiveCfg = Release|Any CPU
		{4A96A3C5-62DC-4F17-80B7-8212E0BEA332}.Release|x64.Build.0 = Release|Any CPU
		{4A96A3C5-62DC-4F17-80B7-8212E0BEA332}.Release|x86.ActiveCfg = Release|Any CPU
		{4A96A3C5-62DC-4F17-80B7-8212E0BEA332}.Release|x86.Build.0 = Release|Any CPU
		{9EFDED28-E060-4FD2-99AC-C4C03AF62ADC}.Debug|Any CPU.ActiveCfg = Debug|Any CPU
		{9EFDED28-E060-4FD2-99AC-C4C03AF62ADC}.Debug|Any CPU.Build.0 = Debug|Any CPU
		{9EFDED28-E060-4FD2-99AC-C4C03AF62ADC}.Debug|x64.ActiveCfg = Debug|Any CPU
		{9EFDED28-E060-4FD2-99AC-C4C03AF62ADC}.Debug|x64.Build.0 = Debug|Any CPU
		{9EFDED28-E060-4FD2-99AC-C4C03AF62ADC}.Debug|x86.ActiveCfg = Debug|Any CPU
		{9EFDED28-E060-4FD2-99AC-C4C03AF62ADC}.Debug|x86.Build.0 = Debug|Any CPU
		{9EFDED28-E060-4FD2-99AC-C4C03AF62ADC}.Release|Any CPU.ActiveCfg = Release|Any CPU
		{9EFDED28-E060-4FD2-99AC-C4C03AF62ADC}.Release|Any CPU.Build.0 = Release|Any CPU
		{9EFDED28-E060-4FD2-99AC-C4C03AF62ADC}.Release|x64.ActiveCfg = Release|Any CPU
		{9EFDED28-E060-4FD2-99AC-C4C03AF62ADC}.Release|x64.Build.0 = Release|Any CPU
		{9EFDED28-E060-4FD2-99AC-C4C03AF62ADC}.Release|x86.ActiveCfg = Release|Any CPU
		{9EFDED28-E060-4FD2-99AC-C4C03AF62ADC}.Release|x86.Build.0 = Release|Any CPU
		{499318A3-B3FE-4AAA-B8FE-A122A0498C8F}.Debug|Any CPU.ActiveCfg = Debug|Any CPU
		{499318A3-B3FE-4AAA-B8FE-A122A0498C8F}.Debug|Any CPU.Build.0 = Debug|Any CPU
		{499318A3-B3FE-4AAA-B8FE-A122A0498C8F}.Debug|x64.ActiveCfg = Debug|Any CPU
		{499318A3-B3FE-4AAA-B8FE-A122A0498C8F}.Debug|x64.Build.0 = Debug|Any CPU
		{499318A3-B3FE-4AAA-B8FE-A122A0498C8F}.Debug|x86.ActiveCfg = Debug|Any CPU
		{499318A3-B3FE-4AAA-B8FE-A122A0498C8F}.Debug|x86.Build.0 = Debug|Any CPU
		{499318A3-B3FE-4AAA-B8FE-A122A0498C8F}.Release|Any CPU.ActiveCfg = Release|Any CPU
		{499318A3-B3FE-4AAA-B8FE-A122A0498C8F}.Release|Any CPU.Build.0 = Release|Any CPU
		{499318A3-B3FE-4AAA-B8FE-A122A0498C8F}.Release|x64.ActiveCfg = Release|Any CPU
		{499318A3-B3FE-4AAA-B8FE-A122A0498C8F}.Release|x64.Build.0 = Release|Any CPU
		{499318A3-B3FE-4AAA-B8FE-A122A0498C8F}.Release|x86.ActiveCfg = Release|Any CPU
		{499318A3-B3FE-4AAA-B8FE-A122A0498C8F}.Release|x86.Build.0 = Release|Any CPU
		{C7F05A1A-0739-4121-8663-310303E24161}.Debug|Any CPU.ActiveCfg = Debug|Any CPU
		{C7F05A1A-0739-4121-8663-310303E24161}.Debug|Any CPU.Build.0 = Debug|Any CPU
		{C7F05A1A-0739-4121-8663-310303E24161}.Debug|x64.ActiveCfg = Debug|Any CPU
		{C7F05A1A-0739-4121-8663-310303E24161}.Debug|x64.Build.0 = Debug|Any CPU
		{C7F05A1A-0739-4121-8663-310303E24161}.Debug|x86.ActiveCfg = Debug|Any CPU
		{C7F05A1A-0739-4121-8663-310303E24161}.Debug|x86.Build.0 = Debug|Any CPU
		{C7F05A1A-0739-4121-8663-310303E24161}.Release|Any CPU.ActiveCfg = Release|Any CPU
		{C7F05A1A-0739-4121-8663-310303E24161}.Release|Any CPU.Build.0 = Release|Any CPU
		{C7F05A1A-0739-4121-8663-310303E24161}.Release|x64.ActiveCfg = Release|Any CPU
		{C7F05A1A-0739-4121-8663-310303E24161}.Release|x64.Build.0 = Release|Any CPU
		{C7F05A1A-0739-4121-8663-310303E24161}.Release|x86.ActiveCfg = Release|Any CPU
		{C7F05A1A-0739-4121-8663-310303E24161}.Release|x86.Build.0 = Release|Any CPU
		{1F157D09-D136-4BCB-B55B-008C775CF1E0}.Debug|Any CPU.ActiveCfg = Debug|Any CPU
		{1F157D09-D136-4BCB-B55B-008C775CF1E0}.Debug|Any CPU.Build.0 = Debug|Any CPU
		{1F157D09-D136-4BCB-B55B-008C775CF1E0}.Debug|x64.ActiveCfg = Debug|Any CPU
		{1F157D09-D136-4BCB-B55B-008C775CF1E0}.Debug|x64.Build.0 = Debug|Any CPU
		{1F157D09-D136-4BCB-B55B-008C775CF1E0}.Debug|x86.ActiveCfg = Debug|Any CPU
		{1F157D09-D136-4BCB-B55B-008C775CF1E0}.Debug|x86.Build.0 = Debug|Any CPU
		{1F157D09-D136-4BCB-B55B-008C775CF1E0}.Release|Any CPU.ActiveCfg = Release|Any CPU
		{1F157D09-D136-4BCB-B55B-008C775CF1E0}.Release|Any CPU.Build.0 = Release|Any CPU
		{1F157D09-D136-4BCB-B55B-008C775CF1E0}.Release|x64.ActiveCfg = Release|Any CPU
		{1F157D09-D136-4BCB-B55B-008C775CF1E0}.Release|x64.Build.0 = Release|Any CPU
		{1F157D09-D136-4BCB-B55B-008C775CF1E0}.Release|x86.ActiveCfg = Release|Any CPU
		{1F157D09-D136-4BCB-B55B-008C775CF1E0}.Release|x86.Build.0 = Release|Any CPU
		{A92AB9E2-1B30-4121-91BB-04ECFF67421D}.Debug|Any CPU.ActiveCfg = Debug|Any CPU
		{A92AB9E2-1B30-4121-91BB-04ECFF67421D}.Debug|Any CPU.Build.0 = Debug|Any CPU
		{A92AB9E2-1B30-4121-91BB-04ECFF67421D}.Debug|x64.ActiveCfg = Debug|Any CPU
		{A92AB9E2-1B30-4121-91BB-04ECFF67421D}.Debug|x64.Build.0 = Debug|Any CPU
		{A92AB9E2-1B30-4121-91BB-04ECFF67421D}.Debug|x86.ActiveCfg = Debug|Any CPU
		{A92AB9E2-1B30-4121-91BB-04ECFF67421D}.Debug|x86.Build.0 = Debug|Any CPU
		{A92AB9E2-1B30-4121-91BB-04ECFF67421D}.Release|Any CPU.ActiveCfg = Release|Any CPU
		{A92AB9E2-1B30-4121-91BB-04ECFF67421D}.Release|Any CPU.Build.0 = Release|Any CPU
		{A92AB9E2-1B30-4121-91BB-04ECFF67421D}.Release|x64.ActiveCfg = Release|Any CPU
		{A92AB9E2-1B30-4121-91BB-04ECFF67421D}.Release|x64.Build.0 = Release|Any CPU
		{A92AB9E2-1B30-4121-91BB-04ECFF67421D}.Release|x86.ActiveCfg = Release|Any CPU
		{A92AB9E2-1B30-4121-91BB-04ECFF67421D}.Release|x86.Build.0 = Release|Any CPU
		{0ADA8179-9EE1-46AB-A6E2-3B21B34F24AF}.Debug|Any CPU.ActiveCfg = Debug|Any CPU
		{0ADA8179-9EE1-46AB-A6E2-3B21B34F24AF}.Debug|Any CPU.Build.0 = Debug|Any CPU
		{0ADA8179-9EE1-46AB-A6E2-3B21B34F24AF}.Debug|x64.ActiveCfg = Debug|Any CPU
		{0ADA8179-9EE1-46AB-A6E2-3B21B34F24AF}.Debug|x64.Build.0 = Debug|Any CPU
		{0ADA8179-9EE1-46AB-A6E2-3B21B34F24AF}.Debug|x86.ActiveCfg = Debug|Any CPU
		{0ADA8179-9EE1-46AB-A6E2-3B21B34F24AF}.Debug|x86.Build.0 = Debug|Any CPU
		{0ADA8179-9EE1-46AB-A6E2-3B21B34F24AF}.Release|Any CPU.ActiveCfg = Release|Any CPU
		{0ADA8179-9EE1-46AB-A6E2-3B21B34F24AF}.Release|Any CPU.Build.0 = Release|Any CPU
		{0ADA8179-9EE1-46AB-A6E2-3B21B34F24AF}.Release|x64.ActiveCfg = Release|Any CPU
		{0ADA8179-9EE1-46AB-A6E2-3B21B34F24AF}.Release|x64.Build.0 = Release|Any CPU
		{0ADA8179-9EE1-46AB-A6E2-3B21B34F24AF}.Release|x86.ActiveCfg = Release|Any CPU
		{0ADA8179-9EE1-46AB-A6E2-3B21B34F24AF}.Release|x86.Build.0 = Release|Any CPU
		{75FF66DA-FDB6-4A10-9D3A-AF1D0002960B}.Debug|Any CPU.ActiveCfg = Debug|Any CPU
		{75FF66DA-FDB6-4A10-9D3A-AF1D0002960B}.Debug|Any CPU.Build.0 = Debug|Any CPU
		{75FF66DA-FDB6-4A10-9D3A-AF1D0002960B}.Debug|x64.ActiveCfg = Debug|Any CPU
		{75FF66DA-FDB6-4A10-9D3A-AF1D0002960B}.Debug|x64.Build.0 = Debug|Any CPU
		{75FF66DA-FDB6-4A10-9D3A-AF1D0002960B}.Debug|x86.ActiveCfg = Debug|Any CPU
		{75FF66DA-FDB6-4A10-9D3A-AF1D0002960B}.Debug|x86.Build.0 = Debug|Any CPU
		{75FF66DA-FDB6-4A10-9D3A-AF1D0002960B}.Release|Any CPU.ActiveCfg = Release|Any CPU
		{75FF66DA-FDB6-4A10-9D3A-AF1D0002960B}.Release|Any CPU.Build.0 = Release|Any CPU
		{75FF66DA-FDB6-4A10-9D3A-AF1D0002960B}.Release|x64.ActiveCfg = Release|Any CPU
		{75FF66DA-FDB6-4A10-9D3A-AF1D0002960B}.Release|x64.Build.0 = Release|Any CPU
		{75FF66DA-FDB6-4A10-9D3A-AF1D0002960B}.Release|x86.ActiveCfg = Release|Any CPU
		{75FF66DA-FDB6-4A10-9D3A-AF1D0002960B}.Release|x86.Build.0 = Release|Any CPU
		{0B128563-74D1-42FC-8BFC-E12A37F203A1}.Debug|Any CPU.ActiveCfg = Debug|Any CPU
		{0B128563-74D1-42FC-8BFC-E12A37F203A1}.Debug|Any CPU.Build.0 = Debug|Any CPU
		{0B128563-74D1-42FC-8BFC-E12A37F203A1}.Debug|x64.ActiveCfg = Debug|Any CPU
		{0B128563-74D1-42FC-8BFC-E12A37F203A1}.Debug|x64.Build.0 = Debug|Any CPU
		{0B128563-74D1-42FC-8BFC-E12A37F203A1}.Debug|x86.ActiveCfg = Debug|Any CPU
		{0B128563-74D1-42FC-8BFC-E12A37F203A1}.Debug|x86.Build.0 = Debug|Any CPU
		{0B128563-74D1-42FC-8BFC-E12A37F203A1}.Release|Any CPU.ActiveCfg = Release|Any CPU
		{0B128563-74D1-42FC-8BFC-E12A37F203A1}.Release|Any CPU.Build.0 = Release|Any CPU
		{0B128563-74D1-42FC-8BFC-E12A37F203A1}.Release|x64.ActiveCfg = Release|Any CPU
		{0B128563-74D1-42FC-8BFC-E12A37F203A1}.Release|x64.Build.0 = Release|Any CPU
		{0B128563-74D1-42FC-8BFC-E12A37F203A1}.Release|x86.ActiveCfg = Release|Any CPU
		{0B128563-74D1-42FC-8BFC-E12A37F203A1}.Release|x86.Build.0 = Release|Any CPU
		{BCBA3402-51B6-4434-93ED-5633F05F64A5}.Debug|Any CPU.ActiveCfg = Debug|Any CPU
		{BCBA3402-51B6-4434-93ED-5633F05F64A5}.Debug|Any CPU.Build.0 = Debug|Any CPU
		{BCBA3402-51B6-4434-93ED-5633F05F64A5}.Debug|x64.ActiveCfg = Debug|Any CPU
		{BCBA3402-51B6-4434-93ED-5633F05F64A5}.Debug|x64.Build.0 = Debug|Any CPU
		{BCBA3402-51B6-4434-93ED-5633F05F64A5}.Debug|x86.ActiveCfg = Debug|Any CPU
		{BCBA3402-51B6-4434-93ED-5633F05F64A5}.Debug|x86.Build.0 = Debug|Any CPU
		{BCBA3402-51B6-4434-93ED-5633F05F64A5}.Release|Any CPU.ActiveCfg = Release|Any CPU
		{BCBA3402-51B6-4434-93ED-5633F05F64A5}.Release|Any CPU.Build.0 = Release|Any CPU
		{BCBA3402-51B6-4434-93ED-5633F05F64A5}.Release|x64.ActiveCfg = Release|Any CPU
		{BCBA3402-51B6-4434-93ED-5633F05F64A5}.Release|x64.Build.0 = Release|Any CPU
		{BCBA3402-51B6-4434-93ED-5633F05F64A5}.Release|x86.ActiveCfg = Release|Any CPU
		{BCBA3402-51B6-4434-93ED-5633F05F64A5}.Release|x86.Build.0 = Release|Any CPU
		{C6772616-EEA0-4B57-BF70-8639590B12B9}.Debug|Any CPU.ActiveCfg = Debug|Any CPU
		{C6772616-EEA0-4B57-BF70-8639590B12B9}.Debug|Any CPU.Build.0 = Debug|Any CPU
		{C6772616-EEA0-4B57-BF70-8639590B12B9}.Debug|x64.ActiveCfg = Debug|Any CPU
		{C6772616-EEA0-4B57-BF70-8639590B12B9}.Debug|x64.Build.0 = Debug|Any CPU
		{C6772616-EEA0-4B57-BF70-8639590B12B9}.Debug|x86.ActiveCfg = Debug|Any CPU
		{C6772616-EEA0-4B57-BF70-8639590B12B9}.Debug|x86.Build.0 = Debug|Any CPU
		{C6772616-EEA0-4B57-BF70-8639590B12B9}.Release|Any CPU.ActiveCfg = Release|Any CPU
		{C6772616-EEA0-4B57-BF70-8639590B12B9}.Release|Any CPU.Build.0 = Release|Any CPU
		{C6772616-EEA0-4B57-BF70-8639590B12B9}.Release|x64.ActiveCfg = Release|Any CPU
		{C6772616-EEA0-4B57-BF70-8639590B12B9}.Release|x64.Build.0 = Release|Any CPU
		{C6772616-EEA0-4B57-BF70-8639590B12B9}.Release|x86.ActiveCfg = Release|Any CPU
		{C6772616-EEA0-4B57-BF70-8639590B12B9}.Release|x86.Build.0 = Release|Any CPU
		{14D03A85-3B4E-46E0-B904-F54B834A3B5D}.Debug|Any CPU.ActiveCfg = Debug|Any CPU
		{14D03A85-3B4E-46E0-B904-F54B834A3B5D}.Debug|Any CPU.Build.0 = Debug|Any CPU
		{14D03A85-3B4E-46E0-B904-F54B834A3B5D}.Debug|x64.ActiveCfg = Debug|Any CPU
		{14D03A85-3B4E-46E0-B904-F54B834A3B5D}.Debug|x64.Build.0 = Debug|Any CPU
		{14D03A85-3B4E-46E0-B904-F54B834A3B5D}.Debug|x86.ActiveCfg = Debug|Any CPU
		{14D03A85-3B4E-46E0-B904-F54B834A3B5D}.Debug|x86.Build.0 = Debug|Any CPU
		{14D03A85-3B4E-46E0-B904-F54B834A3B5D}.Release|Any CPU.ActiveCfg = Release|Any CPU
		{14D03A85-3B4E-46E0-B904-F54B834A3B5D}.Release|Any CPU.Build.0 = Release|Any CPU
		{14D03A85-3B4E-46E0-B904-F54B834A3B5D}.Release|x64.ActiveCfg = Release|Any CPU
		{14D03A85-3B4E-46E0-B904-F54B834A3B5D}.Release|x64.Build.0 = Release|Any CPU
		{14D03A85-3B4E-46E0-B904-F54B834A3B5D}.Release|x86.ActiveCfg = Release|Any CPU
		{14D03A85-3B4E-46E0-B904-F54B834A3B5D}.Release|x86.Build.0 = Release|Any CPU
	EndGlobalSection
	GlobalSection(SolutionProperties) = preSolution
		HideSolutionNode = FALSE
	EndGlobalSection
	GlobalSection(ExtensibilityGlobals) = postSolution
		SolutionGuid = {84E025BE-268B-4D23-9F5B-381CF38C16FC}
	EndGlobalSection
EndGlobal
